
Microsoft Visual Studio Solution File, Format Version 12.00
# Visual Studio Version 16
VisualStudioVersion = 16.0.31025.194
MinimumVisualStudioVersion = 10.0.40219.1
Project("{FAE04EC0-301F-11D3-BF4B-00C04F79EFBC}") = "LabExercise", "LabExercise.csproj", "{E6AE10FC-9D59-4ACF-9C14-4550E21ECFC7}"
EndProject
Global
	GlobalSection(SolutionConfigurationPlatforms) = preSolution
		Debug|Any CPU = Debug|Any CPU
		Release|Any CPU = Release|Any CPU
	EndGlobalSection
	GlobalSection(ProjectConfigurationPlatforms) = postSolution
		{E6AE10FC-9D59-4ACF-9C14-4550E21ECFC7}.Debug|Any CPU.ActiveCfg = Debug|Any CPU
		{E6AE10FC-9D59-4ACF-9C14-4550E21ECFC7}.Debug|Any CPU.Build.0 = Debug|Any CPU
		{E6AE10FC-9D59-4ACF-9C14-4550E21ECFC7}.Release|Any CPU.ActiveCfg = Release|Any CPU
		{E6AE10FC-9D59-4ACF-9C14-4550E21ECFC7}.Release|Any CPU.Build.0 = Release|Any CPU
	EndGlobalSection
	GlobalSection(SolutionProperties) = preSolution
		HideSolutionNode = FALSE
	EndGlobalSection
	GlobalSection(ExtensibilityGlobals) = postSolution
		SolutionGuid = {CB9476D5-0383-442D-B4BA-BA7A595516E1}
	EndGlobalSection
EndGlobal
